
Microsoft Visual Studio Solution File, Format Version 12.00
Project("{FAE04EC0-301F-11D3-BF4B-00C04F79EFBC}") = "CP1-CursoTec.API", "CP1-CursoTec.API\CP1-CursoTec.API.csproj", "{862BF693-5634-486E-A81A-F99D6AD2A2AF}"
EndProject
Project("{FAE04EC0-301F-11D3-BF4B-00C04F79EFBC}") = "CP1-CursoTec.Application", "CP1-CursoTec.Application\CP1-CursoTec.Application.csproj", "{087FD3F9-25D2-4865-9C4D-F560274537DE}"
EndProject
Project("{FAE04EC0-301F-11D3-BF4B-00C04F79EFBC}") = "CP1-CursoTec.Domain", "CP1-CursoTec.Domain\CP1-CursoTec.Domain.csproj", "{6CE18664-58C1-449A-934B-BA6F174CA7C7}"
EndProject
Project("{FAE04EC0-301F-11D3-BF4B-00C04F79EFBC}") = "CP1-CursoTec.Infrastructure", "CP1-CursoTec.Infrastructure\CP1-CursoTec.Infrastructure.csproj", "{2364D859-0BFB-4334-B044-2B67298223F7}"
EndProject
Project("{FAE04EC0-301F-11D3-BF4B-00C04F79EFBC}") = "CP1-CursoTec.Domain.Tests", "CP1-CursoTec.Domain.Tests\CP1-CursoTec.Domain.Tests.csproj", "{BD188525-8AB1-4C0C-A509-3C0E6859C552}"
EndProject
Project("{FAE04EC0-301F-11D3-BF4B-00C04F79EFBC}") = "CP1-CursoTec.Application.Tests", "CP1-CursoTec.Application.Tests\CP1-CursoTec.Application.Tests.csproj", "{FF69F6AD-68B4-47A2-B9DC-E4276461E3DA}"
EndProject
Global
	GlobalSection(SolutionConfigurationPlatforms) = preSolution
		Debug|Any CPU = Debug|Any CPU
		Debug|x64 = Debug|x64
		Debug|x86 = Debug|x86
		Release|Any CPU = Release|Any CPU
		Release|x64 = Release|x64
		Release|x86 = Release|x86
	EndGlobalSection
	GlobalSection(ProjectConfigurationPlatforms) = postSolution
		{862BF693-5634-486E-A81A-F99D6AD2A2AF}.Debug|Any CPU.ActiveCfg = Debug|Any CPU
		{862BF693-5634-486E-A81A-F99D6AD2A2AF}.Debug|Any CPU.Build.0 = Debug|Any CPU
		{862BF693-5634-486E-A81A-F99D6AD2A2AF}.Debug|x64.ActiveCfg = Debug|Any CPU
		{862BF693-5634-486E-A81A-F99D6AD2A2AF}.Debug|x64.Build.0 = Debug|Any CPU
		{862BF693-5634-486E-A81A-F99D6AD2A2AF}.Debug|x86.ActiveCfg = Debug|Any CPU
		{862BF693-5634-486E-A81A-F99D6AD2A2AF}.Debug|x86.Build.0 = Debug|Any CPU
		{862BF693-5634-486E-A81A-F99D6AD2A2AF}.Release|Any CPU.ActiveCfg = Release|Any CPU
		{862BF693-5634-486E-A81A-F99D6AD2A2AF}.Release|Any CPU.Build.0 = Release|Any CPU
		{862BF693-5634-486E-A81A-F99D6AD2A2AF}.Release|x64.ActiveCfg = Release|Any CPU
		{862BF693-5634-486E-A81A-F99D6AD2A2AF}.Release|x64.Build.0 = Release|Any CPU
		{862BF693-5634-486E-A81A-F99D6AD2A2AF}.Release|x86.ActiveCfg = Release|Any CPU
		{862BF693-5634-486E-A81A-F99D6AD2A2AF}.Release|x86.Build.0 = Release|Any CPU
		{087FD3F9-25D2-4865-9C4D-F560274537DE}.Debug|Any CPU.ActiveCfg = Debug|Any CPU
		{087FD3F9-25D2-4865-9C4D-F560274537DE}.Debug|Any CPU.Build.0 = Debug|Any CPU
		{087FD3F9-25D2-4865-9C4D-F560274537DE}.Debug|x64.ActiveCfg = Debug|Any CPU
		{087FD3F9-25D2-4865-9C4D-F560274537DE}.Debug|x64.Build.0 = Debug|Any CPU
		{087FD3F9-25D2-4865-9C4D-F560274537DE}.Debug|x86.ActiveCfg = Debug|Any CPU
		{087FD3F9-25D2-4865-9C4D-F560274537DE}.Debug|x86.Build.0 = Debug|Any CPU
		{087FD3F9-25D2-4865-9C4D-F560274537DE}.Release|Any CPU.ActiveCfg = Release|Any CPU
		{087FD3F9-25D2-4865-9C4D-F560274537DE}.Release|Any CPU.Build.0 = Release|Any CPU
		{087FD3F9-25D2-4865-9C4D-F560274537DE}.Release|x64.ActiveCfg = Release|Any CPU
		{087FD3F9-25D2-4865-9C4D-F560274537DE}.Release|x64.Build.0 = Release|Any CPU
		{087FD3F9-25D2-4865-9C4D-F560274537DE}.Release|x86.ActiveCfg = Release|Any CPU
		{087FD3F9-25D2-4865-9C4D-F560274537DE}.Release|x86.Build.0 = Release|Any CPU
		{6CE18664-58C1-449A-934B-BA6F174CA7C7}.Debug|Any CPU.ActiveCfg = Debug|Any CPU
		{6CE18664-58C1-449A-934B-BA6F174CA7C7}.Debug|Any CPU.Build.0 = Debug|Any CPU
		{6CE18664-58C1-449A-934B-BA6F174CA7C7}.Debug|x64.ActiveCfg = Debug|Any CPU
		{6CE18664-58C1-449A-934B-BA6F174CA7C7}.Debug|x64.Build.0 = Debug|Any CPU
		{6CE18664-58C1-449A-934B-BA6F174CA7C7}.Debug|x86.ActiveCfg = Debug|Any CPU
		{6CE18664-58C1-449A-934B-BA6F174CA7C7}.Debug|x86.Build.0 = Debug|Any CPU
		{6CE18664-58C1-449A-934B-BA6F174CA7C7}.Release|Any CPU.ActiveCfg = Release|Any CPU
		{6CE18664-58C1-449A-934B-BA6F174CA7C7}.Release|Any CPU.Build.0 = Release|Any CPU
		{6CE18664-58C1-449A-934B-BA6F174CA7C7}.Release|x64.ActiveCfg = Release|Any CPU
		{6CE18664-58C1-449A-934B-BA6F174CA7C7}.Release|x64.Build.0 = Release|Any CPU
		{6CE18664-58C1-449A-934B-BA6F174CA7C7}.Release|x86.ActiveCfg = Release|Any CPU
		{6CE18664-58C1-449A-934B-BA6F174CA7C7}.Release|x86.Build.0 = Release|Any CPU
		{2364D859-0BFB-4334-B044-2B67298223F7}.Debug|Any CPU.ActiveCfg = Debug|Any CPU
		{2364D859-0BFB-4334-B044-2B67298223F7}.Debug|Any CPU.Build.0 = Debug|Any CPU
		{2364D859-0BFB-4334-B044-2B67298223F7}.Debug|x64.ActiveCfg = Debug|Any CPU
		{2364D859-0BFB-4334-B044-2B67298223F7}.Debug|x64.Build.0 = Debug|Any CPU
		{2364D859-0BFB-4334-B044-2B67298223F7}.Debug|x86.ActiveCfg = Debug|Any CPU
		{2364D859-0BFB-4334-B044-2B67298223F7}.Debug|x86.Build.0 = Debug|Any CPU
		{2364D859-0BFB-4334-B044-2B67298223F7}.Release|Any CPU.ActiveCfg = Release|Any CPU
		{2364D859-0BFB-4334-B044-2B67298223F7}.Release|Any CPU.Build.0 = Release|Any CPU
		{2364D859-0BFB-4334-B044-2B67298223F7}.Release|x64.ActiveCfg = Release|Any CPU
		{2364D859-0BFB-4334-B044-2B67298223F7}.Release|x64.Build.0 = Release|Any CPU
		{2364D859-0BFB-4334-B044-2B67298223F7}.Release|x86.ActiveCfg = Release|Any CPU
		{2364D859-0BFB-4334-B044-2B67298223F7}.Release|x86.Build.0 = Release|Any CPU
		{BD188525-8AB1-4C0C-A509-3C0E6859C552}.Debug|Any CPU.ActiveCfg = Debug|Any CPU
		{BD188525-8AB1-4C0C-A509-3C0E6859C552}.Debug|Any CPU.Build.0 = Debug|Any CPU
		{BD188525-8AB1-4C0C-A509-3C0E6859C552}.Debug|x64.ActiveCfg = Debug|Any CPU
		{BD188525-8AB1-4C0C-A509-3C0E6859C552}.Debug|x64.Build.0 = Debug|Any CPU
		{BD188525-8AB1-4C0C-A509-3C0E6859C552}.Debug|x86.ActiveCfg = Debug|Any CPU
		{BD188525-8AB1-4C0C-A509-3C0E6859C552}.Debug|x86.Build.0 = Debug|Any CPU
		{BD188525-8AB1-4C0C-A509-3C0E6859C552}.Release|Any CPU.ActiveCfg = Release|Any CPU
		{BD188525-8AB1-4C0C-A509-3C0E6859C552}.Release|Any CPU.Build.0 = Release|Any CPU
		{BD188525-8AB1-4C0C-A509-3C0E6859C552}.Release|x64.ActiveCfg = Release|Any CPU
		{BD188525-8AB1-4C0C-A509-3C0E6859C552}.Release|x64.Build.0 = Release|Any CPU
		{BD188525-8AB1-4C0C-A509-3C0E6859C552}.Release|x86.ActiveCfg = Release|Any CPU
		{BD188525-8AB1-4C0C-A509-3C0E6859C552}.Release|x86.Build.0 = Release|Any CPU
		{FF69F6AD-68B4-47A2-B9DC-E4276461E3DA}.Debug|Any CPU.ActiveCfg = Debug|Any CPU
		{FF69F6AD-68B4-47A2-B9DC-E4276461E3DA}.Debug|Any CPU.Build.0 = Debug|Any CPU
		{FF69F6AD-68B4-47A2-B9DC-E4276461E3DA}.Debug|x64.ActiveCfg = Debug|Any CPU
		{FF69F6AD-68B4-47A2-B9DC-E4276461E3DA}.Debug|x64.Build.0 = Debug|Any CPU
		{FF69F6AD-68B4-47A2-B9DC-E4276461E3DA}.Debug|x86.ActiveCfg = Debug|Any CPU
		{FF69F6AD-68B4-47A2-B9DC-E4276461E3DA}.Debug|x86.Build.0 = Debug|Any CPU
		{FF69F6AD-68B4-47A2-B9DC-E4276461E3DA}.Release|Any CPU.ActiveCfg = Release|Any CPU
		{FF69F6AD-68B4-47A2-B9DC-E4276461E3DA}.Release|Any CPU.Build.0 = Release|Any CPU
		{FF69F6AD-68B4-47A2-B9DC-E4276461E3DA}.Release|x64.ActiveCfg = Release|Any CPU
		{FF69F6AD-68B4-47A2-B9DC-E4276461E3DA}.Release|x64.Build.0 = Release|Any CPU
		{FF69F6AD-68B4-47A2-B9DC-E4276461E3DA}.Release|x86.ActiveCfg = Release|Any CPU
		{FF69F6AD-68B4-47A2-B9DC-E4276461E3DA}.Release|x86.Build.0 = Release|Any CPU
	EndGlobalSection
	GlobalSection(SolutionProperties) = preSolution
		HideSolutionNode = FALSE
	EndGlobalSection
EndGlobal
